
Microsoft Visual Studio Solution File, Format Version 12.00
# Visual Studio 15
VisualStudioVersion = 15.0.26730.3
MinimumVisualStudioVersion = 10.0.40219.1
Project("{9A19103F-16F7-4668-BE54-9A1E7A4F7556}") = "CoreProfiler", "..\CoreProfiler\CoreProfiler.csproj", "{2593C3FE-DC3A-4CA7-BB10-B45A1F2A6070}"
EndProject
Project("{9A19103F-16F7-4668-BE54-9A1E7A4F7556}") = "CoreProfiler.Web", "..\CoreProfiler.Web\CoreProfiler.Web.csproj", "{4B6A441E-3946-4E85-8412-F07332F42AA5}"
EndProject
Project("{9A19103F-16F7-4668-BE54-9A1E7A4F7556}") = "mvc-ef-demo", "mvc-ef-demo.csproj", "{269AE511-A4C7-45FA-BD0E-9B7DA9537D19}"
EndProject
Global
	GlobalSection(SolutionConfigurationPlatforms) = preSolution
		Debug|Any CPU = Debug|Any CPU
		Release|Any CPU = Release|Any CPU
	EndGlobalSection
	GlobalSection(ProjectConfigurationPlatforms) = postSolution
		{2593C3FE-DC3A-4CA7-BB10-B45A1F2A6070}.Debug|Any CPU.ActiveCfg = Debug|Any CPU
		{2593C3FE-DC3A-4CA7-BB10-B45A1F2A6070}.Debug|Any CPU.Build.0 = Debug|Any CPU
		{2593C3FE-DC3A-4CA7-BB10-B45A1F2A6070}.Release|Any CPU.ActiveCfg = Release|Any CPU
		{2593C3FE-DC3A-4CA7-BB10-B45A1F2A6070}.Release|Any CPU.Build.0 = Release|Any CPU
		{4B6A441E-3946-4E85-8412-F07332F42AA5}.Debug|Any CPU.ActiveCfg = Debug|Any CPU
		{4B6A441E-3946-4E85-8412-F07332F42AA5}.Debug|Any CPU.Build.0 = Debug|Any CPU
		{4B6A441E-3946-4E85-8412-F07332F42AA5}.Release|Any CPU.ActiveCfg = Release|Any CPU
		{4B6A441E-3946-4E85-8412-F07332F42AA5}.Release|Any CPU.Build.0 = Release|Any CPU
		{269AE511-A4C7-45FA-BD0E-9B7DA9537D19}.Debug|Any CPU.ActiveCfg = Debug|Any CPU
		{269AE511-A4C7-45FA-BD0E-9B7DA9537D19}.Debug|Any CPU.Build.0 = Debug|Any CPU
		{269AE511-A4C7-45FA-BD0E-9B7DA9537D19}.Release|Any CPU.ActiveCfg = Release|Any CPU
		{269AE511-A4C7-45FA-BD0E-9B7DA9537D19}.Release|Any CPU.Build.0 = Release|Any CPU
	EndGlobalSection
	GlobalSection(SolutionProperties) = preSolution
		HideSolutionNode = FALSE
	EndGlobalSection
	GlobalSection(ExtensibilityGlobals) = postSolution
		SolutionGuid = {A627EBE1-C20B-49F1-87B4-DC5BD98D5B5A}
	EndGlobalSection
EndGlobal
